
Microsoft Visual Studio Solution File, Format Version 12.00
# Visual Studio Version 17
VisualStudioVersion = 17.4.33122.133
MinimumVisualStudioVersion = 10.0.40219.1
Project("{8BC9CEB8-8B4A-11D0-8D11-00A0C91BC942}") = "DLL-Injector", "DLL-Injector\DLL-Injector.vcxproj", "{ED02B1C8-D182-4CE6-9C99-14C36AD524F4}"
EndProject
Global
	GlobalSection(SolutionConfigurationPlatforms) = preSolution
		Debug|x64 = Debug|x64
		Debug|x86 = Debug|x86
		Release|x64 = Release|x64
		Release|x86 = Release|x86
	EndGlobalSection
	GlobalSection(ProjectConfigurationPlatforms) = postSolution
		{ED02B1C8-D182-4CE6-9C99-14C36AD524F4}.Debug|x64.ActiveCfg = Debug|x64
		{ED02B1C8-D182-4CE6-9C99-14C36AD524F4}.Debug|x64.Build.0 = Debug|x64
		{ED02B1C8-D182-4CE6-9C99-14C36AD524F4}.Debug|x86.ActiveCfg = Debug|Win32
		{ED02B1C8-D182-4CE6-9C99-14C36AD524F4}.Debug|x86.Build.0 = Debug|Win32
		{ED02B1C8-D182-4CE6-9C99-14C36AD524F4}.Release|x64.ActiveCfg = Release|x64
		{ED02B1C8-D182-4CE6-9C99-14C36AD524F4}.Release|x64.Build.0 = Release|x64
		{ED02B1C8-D182-4CE6-9C99-14C36AD524F4}.Release|x86.ActiveCfg = Release|Win32
		{ED02B1C8-D182-4CE6-9C99-14C36AD524F4}.Release|x86.Build.0 = Release|Win32
	EndGlobalSection
	GlobalSection(SolutionProperties) = preSolution
		HideSolutionNode = FALSE
	EndGlobalSection
	GlobalSection(ExtensibilityGlobals) = postSolution
		SolutionGuid = {93CA1798-9FF7-4230-A6D6-71F8F90BD74B}
	EndGlobalSection
EndGlobal
